
Microsoft Visual Studio Solution File, Format Version 12.00
# Visual Studio Version 17
VisualStudioVersion = 17.8.34330.188
MinimumVisualStudioVersion = 10.0.40219.1
Project("{9A19103F-16F7-4668-BE54-9A1E7A4F7556}") = "LCSaveEditor", "LCSaveEditor\LCSaveEditor.csproj", "{62CE9196-F4E6-41E1-82FB-F0AFC44964BE}"
EndProject
Global
	GlobalSection(SolutionConfigurationPlatforms) = preSolution
		Debug|Any CPU = Debug|Any CPU
		Release|Any CPU = Release|Any CPU
	EndGlobalSection
	GlobalSection(ProjectConfigurationPlatforms) = postSolution
		{62CE9196-F4E6-41E1-82FB-F0AFC44964BE}.Debug|Any CPU.ActiveCfg = Debug|Any CPU
		{62CE9196-F4E6-41E1-82FB-F0AFC44964BE}.Debug|Any CPU.Build.0 = Debug|Any CPU
		{62CE9196-F4E6-41E1-82FB-F0AFC44964BE}.Release|Any CPU.ActiveCfg = Release|Any CPU
		{62CE9196-F4E6-41E1-82FB-F0AFC44964BE}.Release|Any CPU.Build.0 = Release|Any CPU
	EndGlobalSection
	GlobalSection(SolutionProperties) = preSolution
		HideSolutionNode = FALSE
	EndGlobalSection
	GlobalSection(ExtensibilityGlobals) = postSolution
		SolutionGuid = {9CE8E80F-068F-4650-8A8B-8A2D0D490757}
	EndGlobalSection
EndGlobal
